{
    "version": 3,
    "terraform_version": "0.11.13",
    "serial": 56,
    "lineage": "01e0558f-9dc5-41cc-85e1-6dae865c91b4",
    "modules": [
        {
            "path": [
                "root"
            ],
            "outputs": {
                "aws_eip_nat_ips": {
                    "sensitive": false,
                    "type": "list",
                    "value": [
                        "34.203.71.113",
                        "3.220.105.131"
                    ]
                },
                "aws_nat_gateway_count": {
                    "sensitive": false,
                    "type": "string",
                    "value": "2"
                },
                "aws_nat_gateway_ids": {
                    "sensitive": false,
                    "type": "list",
                    "value": [
                        "nat-0713399a83e1ae00a",
                        "nat-04bccb345db18debe"
                    ]
                }
            },
            "resources": {
                "aws_eip.mod_nat.0": {
                    "type": "aws_eip",
                    "depends_on": [],
                    "primary": {
                        "id": "eipalloc-0c6a47cf42b2336e2",
                        "attributes": {
                            "association_id": "",
                            "domain": "vpc",
                            "id": "eipalloc-0c6a47cf42b2336e2",
                            "instance": "",
                            "network_interface": "",
                            "private_ip": "",
                            "public_ip": "34.203.71.113",
                            "tags.%": "0",
                            "vpc": "true"
                        },
                        "meta": {
                            "e2bfb730-ecaa-11e6-8f88-34363bc7c4c0": {
                                "delete": 180000000000,
                                "read": 900000000000,
                                "update": 300000000000
                            }
                        },
                        "tainted": false
                    },
                    "deposed": [],
                    "provider": "provider.aws"
                },
                "aws_eip.mod_nat.1": {
                    "type": "aws_eip",
                    "depends_on": [],
                    "primary": {
                        "id": "eipalloc-0b9eebb92dd5b26c8",
                        "attributes": {
                            "association_id": "",
                            "domain": "vpc",
                            "id": "eipalloc-0b9eebb92dd5b26c8",
                            "instance": "",
                            "network_interface": "",
                            "private_ip": "",
                            "public_ip": "3.220.105.131",
                            "tags.%": "0",
                            "vpc": "true"
                        },
                        "meta": {
                            "e2bfb730-ecaa-11e6-8f88-34363bc7c4c0": {
                                "delete": 180000000000,
                                "read": 900000000000,
                                "update": 300000000000
                            }
                        },
                        "tainted": false
                    },
                    "deposed": [],
                    "provider": "provider.aws"
                },
                "aws_internet_gateway.default": {
                    "type": "aws_internet_gateway",
                    "depends_on": [
                        "aws_vpc.default"
                    ],
                    "primary": {
                        "id": "igw-09a52f467bdfc684a",
                        "attributes": {
                            "id": "igw-09a52f467bdfc684a",
                            "tags.%": "1",
                            "tags.Name": "Burst-IGW",
                            "vpc_id": "vpc-011bd9c424cae8c83"
                        },
                        "meta": {},
                        "tainted": false
                    },
                    "deposed": [],
                    "provider": "provider.aws"
                },
                "aws_nat_gateway.nat_gateway.0": {
                    "type": "aws_nat_gateway",
                    "depends_on": [
                        "aws_eip.mod_nat",
                        "aws_eip.mod_nat.*",
                        "aws_internet_gateway.default",
                        "aws_subnet.public",
                        "aws_subnet.public.*"
                    ],
                    "primary": {
                        "id": "nat-0713399a83e1ae00a",
                        "attributes": {
                            "allocation_id": "eipalloc-0c6a47cf42b2336e2",
                            "id": "nat-0713399a83e1ae00a",
                            "network_interface_id": "eni-0cfa76776cbd7461b",
                            "private_ip": "10.10.1.73",
                            "public_ip": "34.203.71.113",
                            "subnet_id": "subnet-0f46109155f2444aa",
                            "tags.%": "0"
                        },
                        "meta": {},
                        "tainted": false
                    },
                    "deposed": [],
                    "provider": "provider.aws"
                },
                "aws_nat_gateway.nat_gateway.1": {
                    "type": "aws_nat_gateway",
                    "depends_on": [
                        "aws_eip.mod_nat",
                        "aws_eip.mod_nat.*",
                        "aws_internet_gateway.default",
                        "aws_subnet.public",
                        "aws_subnet.public.*"
                    ],
                    "primary": {
                        "id": "nat-04bccb345db18debe",
                        "attributes": {
                            "allocation_id": "eipalloc-0b9eebb92dd5b26c8",
                            "id": "nat-04bccb345db18debe",
                            "network_interface_id": "eni-068d6c682a5b16e07",
                            "private_ip": "10.10.2.32",
                            "public_ip": "3.220.105.131",
                            "subnet_id": "subnet-07eece594b47662fc",
                            "tags.%": "0"
                        },
                        "meta": {},
                        "tainted": false
                    },
                    "deposed": [],
                    "provider": "provider.aws"
                },
                "aws_route_table.public": {
                    "type": "aws_route_table",
                    "depends_on": [
                        "aws_internet_gateway.default",
                        "aws_vpc.default"
                    ],
                    "primary": {
                        "id": "rtb-08d8d741551092c9b",
                        "attributes": {
                            "id": "rtb-08d8d741551092c9b",
                            "propagating_vgws.#": "0",
                            "route.#": "1",
                            "route.46423152.cidr_block": "0.0.0.0/0",
                            "route.46423152.egress_only_gateway_id": "",
                            "route.46423152.gateway_id": "igw-09a52f467bdfc684a",
                            "route.46423152.instance_id": "",
                            "route.46423152.ipv6_cidr_block": "",
                            "route.46423152.nat_gateway_id": "",
                            "route.46423152.network_interface_id": "",
                            "route.46423152.vpc_peering_connection_id": "",
                            "tags.%": "1",
                            "tags.Name": "Burst-Public-route-table",
                            "vpc_id": "vpc-011bd9c424cae8c83"
                        },
                        "meta": {},
                        "tainted": false
                    },
                    "deposed": [],
                    "provider": "provider.aws"
                },
                "aws_route_table_association.public.0": {
                    "type": "aws_route_table_association",
                    "depends_on": [
                        "aws_route_table.public",
                        "aws_subnet.public.*"
                    ],
                    "primary": {
                        "id": "rtbassoc-051df5c6063e68e0c",
                        "attributes": {
                            "id": "rtbassoc-051df5c6063e68e0c",
                            "route_table_id": "rtb-08d8d741551092c9b",
                            "subnet_id": "subnet-0f46109155f2444aa"
                        },
                        "meta": {},
                        "tainted": false
                    },
                    "deposed": [],
                    "provider": "provider.aws"
                },
                "aws_route_table_association.public.1": {
                    "type": "aws_route_table_association",
                    "depends_on": [
                        "aws_route_table.public",
                        "aws_subnet.public.*"
                    ],
                    "primary": {
                        "id": "rtbassoc-098b2800179556f21",
                        "attributes": {
                            "id": "rtbassoc-098b2800179556f21",
                            "route_table_id": "rtb-08d8d741551092c9b",
                            "subnet_id": "subnet-07eece594b47662fc"
                        },
                        "meta": {},
                        "tainted": false
                    },
                    "deposed": [],
                    "provider": "provider.aws"
                },
                "aws_security_group.web": {
                    "type": "aws_security_group",
                    "depends_on": [
                        "aws_vpc.default"
                    ],
                    "primary": {
                        "id": "sg-0a86f023b7914c2f6",
                        "attributes": {
                            "arn": "arn:aws:ec2:us-east-1:697371727526:security-group/sg-0a86f023b7914c2f6",
                            "description": "Security group for Burst Nodes",
                            "egress.#": "1",
                            "egress.482069346.cidr_blocks.#": "1",
                            "egress.482069346.cidr_blocks.0": "0.0.0.0/0",
                            "egress.482069346.description": "",
                            "egress.482069346.from_port": "0",
                            "egress.482069346.ipv6_cidr_blocks.#": "0",
                            "egress.482069346.prefix_list_ids.#": "0",
                            "egress.482069346.protocol": "-1",
                            "egress.482069346.security_groups.#": "0",
                            "egress.482069346.self": "false",
                            "egress.482069346.to_port": "0",
                            "id": "sg-0a86f023b7914c2f6",
                            "ingress.#": "5",
                            "ingress.1190622113.cidr_blocks.#": "1",
                            "ingress.1190622113.cidr_blocks.0": "10.10.2.0/24",
                            "ingress.1190622113.description": "",
                            "ingress.1190622113.from_port": "443",
                            "ingress.1190622113.ipv6_cidr_blocks.#": "0",
                            "ingress.1190622113.prefix_list_ids.#": "0",
                            "ingress.1190622113.protocol": "tcp",
                            "ingress.1190622113.security_groups.#": "0",
                            "ingress.1190622113.self": "false",
                            "ingress.1190622113.to_port": "443",
                            "ingress.1998547260.cidr_blocks.#": "1",
                            "ingress.1998547260.cidr_blocks.0": "10.10.1.0/24",
                            "ingress.1998547260.description": "",
                            "ingress.1998547260.from_port": "443",
                            "ingress.1998547260.ipv6_cidr_blocks.#": "0",
                            "ingress.1998547260.prefix_list_ids.#": "0",
                            "ingress.1998547260.protocol": "tcp",
                            "ingress.1998547260.security_groups.#": "0",
                            "ingress.1998547260.self": "false",
                            "ingress.1998547260.to_port": "443",
                            "ingress.2541437006.cidr_blocks.#": "1",
                            "ingress.2541437006.cidr_blocks.0": "0.0.0.0/0",
                            "ingress.2541437006.description": "",
                            "ingress.2541437006.from_port": "22",
                            "ingress.2541437006.ipv6_cidr_blocks.#": "0",
                            "ingress.2541437006.prefix_list_ids.#": "0",
                            "ingress.2541437006.protocol": "tcp",
                            "ingress.2541437006.security_groups.#": "0",
                            "ingress.2541437006.self": "false",
                            "ingress.2541437006.to_port": "22",
                            "ingress.874255636.cidr_blocks.#": "1",
                            "ingress.874255636.cidr_blocks.0": "10.10.2.0/24",
                            "ingress.874255636.description": "",
                            "ingress.874255636.from_port": "80",
                            "ingress.874255636.ipv6_cidr_blocks.#": "0",
                            "ingress.874255636.prefix_list_ids.#": "0",
                            "ingress.874255636.protocol": "tcp",
                            "ingress.874255636.security_groups.#": "0",
                            "ingress.874255636.self": "false",
                            "ingress.874255636.to_port": "80",
                            "ingress.99880841.cidr_blocks.#": "1",
                            "ingress.99880841.cidr_blocks.0": "10.10.1.0/24",
                            "ingress.99880841.description": "",
                            "ingress.99880841.from_port": "80",
                            "ingress.99880841.ipv6_cidr_blocks.#": "0",
                            "ingress.99880841.prefix_list_ids.#": "0",
                            "ingress.99880841.protocol": "tcp",
                            "ingress.99880841.security_groups.#": "0",
                            "ingress.99880841.self": "false",
                            "ingress.99880841.to_port": "80",
                            "name": "Burst Node SG",
                            "owner_id": "697371727526",
                            "revoke_rules_on_delete": "false",
                            "tags.%": "1",
                            "tags.Name": "Burst Nodes SG",
                            "vpc_id": "vpc-011bd9c424cae8c83"
                        },
                        "meta": {
                            "e2bfb730-ecaa-11e6-8f88-34363bc7c4c0": {
                                "create": 600000000000,
                                "delete": 600000000000
                            },
                            "schema_version": "1"
                        },
                        "tainted": false
                    },
                    "deposed": [],
                    "provider": "provider.aws"
                },
                "aws_subnet.public.0": {
                    "type": "aws_subnet",
                    "depends_on": [
                        "aws_internet_gateway.default",
                        "aws_vpc.default"
                    ],
                    "primary": {
                        "id": "subnet-0f46109155f2444aa",
                        "attributes": {
                            "arn": "arn:aws:ec2:us-east-1:697371727526:subnet/subnet-0f46109155f2444aa",
                            "assign_ipv6_address_on_creation": "false",
                            "availability_zone": "us-east-1a",
                            "cidr_block": "10.10.1.0/24",
                            "id": "subnet-0f46109155f2444aa",
                            "map_public_ip_on_launch": "false",
                            "tags.%": "1",
                            "tags.Name": "Burst-us-east-1a",
                            "vpc_id": "vpc-011bd9c424cae8c83"
                        },
                        "meta": {
                            "e2bfb730-ecaa-11e6-8f88-34363bc7c4c0": {
                                "create": 600000000000,
                                "delete": 600000000000
                            },
                            "schema_version": "1"
                        },
                        "tainted": false
                    },
                    "deposed": [],
                    "provider": "provider.aws"
                },
                "aws_subnet.public.1": {
                    "type": "aws_subnet",
                    "depends_on": [
                        "aws_internet_gateway.default",
                        "aws_vpc.default"
                    ],
                    "primary": {
                        "id": "subnet-07eece594b47662fc",
                        "attributes": {
                            "arn": "arn:aws:ec2:us-east-1:697371727526:subnet/subnet-07eece594b47662fc",
                            "assign_ipv6_address_on_creation": "false",
                            "availability_zone": "us-east-1b",
                            "cidr_block": "10.10.2.0/24",
                            "id": "subnet-07eece594b47662fc",
                            "map_public_ip_on_launch": "false",
                            "tags.%": "1",
                            "tags.Name": "Burst-us-east-1b",
                            "vpc_id": "vpc-011bd9c424cae8c83"
                        },
                        "meta": {
                            "e2bfb730-ecaa-11e6-8f88-34363bc7c4c0": {
                                "create": 600000000000,
                                "delete": 600000000000
                            },
                            "schema_version": "1"
                        },
                        "tainted": false
                    },
                    "deposed": [],
                    "provider": "provider.aws"
                },
                "aws_vpc.default": {
                    "type": "aws_vpc",
                    "depends_on": [],
                    "primary": {
                        "id": "vpc-011bd9c424cae8c83",
                        "attributes": {
                            "arn": "arn:aws:ec2:us-east-1:697371727526:vpc/vpc-011bd9c424cae8c83",
                            "assign_generated_ipv6_cidr_block": "false",
                            "cidr_block": "10.10.0.0/16",
                            "default_network_acl_id": "acl-0c11f69492f69a07f",
                            "default_route_table_id": "rtb-0bab2d2059ad55e07",
                            "default_security_group_id": "sg-047e44b9a590b325b",
                            "dhcp_options_id": "dopt-4faf7828",
                            "enable_classiclink": "false",
                            "enable_classiclink_dns_support": "false",
                            "enable_dns_hostnames": "true",
                            "enable_dns_support": "true",
                            "id": "vpc-011bd9c424cae8c83",
                            "instance_tenancy": "default",
                            "main_route_table_id": "rtb-0bab2d2059ad55e07",
                            "tags.%": "1",
                            "tags.Name": "Burst-VPC"
                        },
                        "meta": {
                            "schema_version": "1"
                        },
                        "tainted": false
                    },
                    "deposed": [],
                    "provider": "provider.aws"
                },
                "data.aws_ami.centos": {
                    "type": "aws_ami",
                    "depends_on": [],
                    "primary": {
                        "id": "ami-08c30ea51ef9b98e5",
                        "attributes": {
                            "architecture": "x86_64",
                            "block_device_mappings.#": "1",
                            "block_device_mappings.340275815.device_name": "/dev/xvda",
                            "block_device_mappings.340275815.ebs.%": "6",
                            "block_device_mappings.340275815.ebs.delete_on_termination": "true",
                            "block_device_mappings.340275815.ebs.encrypted": "false",
                            "block_device_mappings.340275815.ebs.iops": "0",
                            "block_device_mappings.340275815.ebs.snapshot_id": "snap-004ba0f26892dfaf4",
                            "block_device_mappings.340275815.ebs.volume_size": "8",
                            "block_device_mappings.340275815.ebs.volume_type": "gp2",
                            "block_device_mappings.340275815.no_device": "",
                            "block_device_mappings.340275815.virtual_name": "",
                            "creation_date": "2019-08-15T17:54:16.000Z",
                            "description": "[Copied ami-061f916a72583df40 from us-west-2] ExampleAppBaseImage",
                            "filter.#": "1",
                            "filter.490168357.name": "virtualization-type",
                            "filter.490168357.values.#": "1",
                            "filter.490168357.values.0": "hvm",
                            "hypervisor": "xen",
                            "id": "ami-08c30ea51ef9b98e5",
                            "image_id": "ami-08c30ea51ef9b98e5",
                            "image_location": "495197150961/ExampleAppBaseImage",
                            "image_type": "machine",
                            "most_recent": "true",
                            "name": "ExampleAppBaseImage",
                            "owner_id": "495197150961",
                            "product_codes.#": "0",
                            "public": "true",
                            "root_device_name": "/dev/xvda",
                            "root_device_type": "ebs",
                            "root_snapshot_id": "snap-004ba0f26892dfaf4",
                            "sriov_net_support": "simple",
                            "state": "available",
                            "state_reason.%": "2",
                            "state_reason.code": "UNSET",
                            "state_reason.message": "UNSET",
                            "tags.%": "0",
                            "virtualization_type": "hvm"
                        },
                        "meta": {},
                        "tainted": false
                    },
                    "deposed": [],
                    "provider": "provider.aws"
                }
            },
            "depends_on": []
        }
    ]
}
